
Microsoft Visual Studio Solution File, Format Version 12.00
# Visual Studio Version 17
VisualStudioVersion = 17.2.32516.85
MinimumVisualStudioVersion = 10.0.40219.1
Project("{FAE04EC0-301F-11D3-BF4B-00C04F79EFBC}") = "WindowsFormsApplication1", "WindowsFormsApplication1\WindowsFormsApplication1.csproj", "{A431AC60-7FCD-4442-8FFA-5899C36B9010}"
EndProject
Global
	GlobalSection(SolutionConfigurationPlatforms) = preSolution
		Debug|x64 = Debug|x64
		Debug|x86 = Debug|x86
		Release|x64 = Release|x64
		Release|x86 = Release|x86
	EndGlobalSection
	GlobalSection(ProjectConfigurationPlatforms) = postSolution
		{A431AC60-7FCD-4442-8FFA-5899C36B9010}.Debug|x64.ActiveCfg = Debug|x64
		{A431AC60-7FCD-4442-8FFA-5899C36B9010}.Debug|x64.Build.0 = Debug|x64
		{A431AC60-7FCD-4442-8FFA-5899C36B9010}.Debug|x86.ActiveCfg = Debug|x86
		{A431AC60-7FCD-4442-8FFA-5899C36B9010}.Debug|x86.Build.0 = Debug|x86
		{A431AC60-7FCD-4442-8FFA-5899C36B9010}.Release|x64.ActiveCfg = Release|x64
		{A431AC60-7FCD-4442-8FFA-5899C36B9010}.Release|x64.Build.0 = Release|x64
		{A431AC60-7FCD-4442-8FFA-5899C36B9010}.Release|x86.ActiveCfg = Release|x86
		{A431AC60-7FCD-4442-8FFA-5899C36B9010}.Release|x86.Build.0 = Release|x86
	EndGlobalSection
	GlobalSection(SolutionProperties) = preSolution
		HideSolutionNode = FALSE
	EndGlobalSection
	GlobalSection(ExtensibilityGlobals) = postSolution
		SolutionGuid = {FC612172-920B-44D0-9DAC-54898867C5AD}
	EndGlobalSection
EndGlobal
